speakeasyVersion: 1.658.1
sources:
    Glean API:
        sourceNamespace: glean-api-specs
        sourceRevisionDigest: sha256:32fce82d031f7f53e3ac040caae0f7ff32686e08ab3ed5291b710a6a4cc19e97
        sourceBlobDigest: sha256:1161e7578cd01452b8aa987120ec26127f910ccff14897b24601c9f78a1e44d0
        tags:
            - latest
            - speakeasy-sdk-regen-1763167768
    Glean Client API:
        sourceNamespace: glean-client-api
        sourceRevisionDigest: sha256:aec0770b5bcca91068c3a844cb9ef4a091281f6cc3b7d86f2abef1bd6fb2b301
        sourceBlobDigest: sha256:acbff643c05e81df02a7c7743df01efa837a047ae6fece17514a1134a3665519
        tags:
            - latest
            - 0.9.0
targets:
    glean:
        source: Glean API
        sourceNamespace: glean-api-specs
        sourceRevisionDigest: sha256:32fce82d031f7f53e3ac040caae0f7ff32686e08ab3ed5291b710a6a4cc19e97
        sourceBlobDigest: sha256:1161e7578cd01452b8aa987120ec26127f910ccff14897b24601c9f78a1e44d0
        codeSamplesNamespace: glean-api-specs-typescript-code-samples
        codeSamplesRevisionDigest: sha256:c92a847775766a803d7bbfdc5b09b771af4c2a3afe9d7aba161e0502fc211ad9
workflow:
    workflowVersion: 1.0.0
    speakeasyVersion: latest
    sources:
        Glean API:
            inputs:
                - location: registry.speakeasyapi.dev/glean-el2/sdk/glean-api-specs
            output: .speakeasy/glean-merged-spec.yaml
    targets:
        glean:
            target: typescript
            source: Glean API
            publish:
                npm:
                    token: $npm_token
            codeSamples:
                registry:
                    location: registry.speakeasyapi.dev/glean-el2/sdk/glean-api-specs-typescript-code-samples
                labelOverride:
                    fixedValue: Typescript (API Client)
                blocking: false
            testing:
                enabled: true
