speakeasyVersion: 1.796.4
sources:
    Glean API:
        sourceNamespace: glean-api-specs
        sourceRevisionDigest: sha256:aedf3aeaf0b00658d47fdc7b94f1435d4cd700a3a66385f015be86d8dcd1c3ec
        sourceBlobDigest: sha256:0bbe81573a0356043b9640214eeff9ca37c97d611fba501ff29f9af4a8c9e3e8
        tags:
            - latest
    Glean Client API:
        sourceNamespace: glean-client-api
        sourceRevisionDigest: sha256:aec0770b5bcca91068c3a844cb9ef4a091281f6cc3b7d86f2abef1bd6fb2b301
        sourceBlobDigest: sha256:acbff643c05e81df02a7c7743df01efa837a047ae6fece17514a1134a3665519
        tags:
            - latest
            - 0.9.0
targets:
    glean:
        source: Glean API
        sourceNamespace: glean-api-specs
        sourceRevisionDigest: sha256:aedf3aeaf0b00658d47fdc7b94f1435d4cd700a3a66385f015be86d8dcd1c3ec
        sourceBlobDigest: sha256:0bbe81573a0356043b9640214eeff9ca37c97d611fba501ff29f9af4a8c9e3e8
        codeSamplesNamespace: glean-api-specs-typescript-code-samples
        codeSamplesRevisionDigest: sha256:b966194968dd3b5e009b9317add1f2047da048b79c09263bd80b5931d766ed8f
workflow:
    workflowVersion: 1.0.0
    speakeasyVersion: latest
    sources:
        Glean API:
            inputs:
                - location: registry.speakeasyapi.dev/glean-el2/sdk/glean-api-specs
            output: .speakeasy/glean-merged-spec.yaml
    targets:
        glean:
            target: typescript
            source: Glean API
            publish:
                npm:
                    token: $npm_token
            codeSamples:
                registry:
                    location: registry.speakeasyapi.dev/glean-el2/sdk/glean-api-specs-typescript-code-samples
                labelOverride:
                    fixedValue: Typescript (API Client)
                blocking: false
            testing:
                enabled: true
