speakeasyVersion: 1.796.4
sources:
    Glean API:
        sourceNamespace: glean-api-specs
        sourceRevisionDigest: sha256:09eb059f0216714606cd4c098bf2c97994e46c67ba091ffd108681cf9ae831a5
        sourceBlobDigest: sha256:a9418b93b4aaa7cd6d428375e23d233ffca2418e04be1fee988a029e3cb02931
        tags:
            - latest
    Glean Client API:
        sourceNamespace: glean-client-api
        sourceRevisionDigest: sha256:aec0770b5bcca91068c3a844cb9ef4a091281f6cc3b7d86f2abef1bd6fb2b301
        sourceBlobDigest: sha256:acbff643c05e81df02a7c7743df01efa837a047ae6fece17514a1134a3665519
        tags:
            - latest
            - 0.9.0
targets:
    glean:
        source: Glean API
        sourceNamespace: glean-api-specs
        sourceRevisionDigest: sha256:09eb059f0216714606cd4c098bf2c97994e46c67ba091ffd108681cf9ae831a5
        sourceBlobDigest: sha256:a9418b93b4aaa7cd6d428375e23d233ffca2418e04be1fee988a029e3cb02931
        codeSamplesNamespace: glean-api-specs-typescript-code-samples
        codeSamplesRevisionDigest: sha256:876a89d0c15e6a5cfd5796a9a8d4addf1ff9b6d7bd39abab7eef3e5910e40c1d
workflow:
    workflowVersion: 1.0.0
    speakeasyVersion: latest
    sources:
        Glean API:
            inputs:
                - location: registry.speakeasyapi.dev/glean-el2/sdk/glean-api-specs
            output: .speakeasy/glean-merged-spec.yaml
    targets:
        glean:
            target: typescript
            source: Glean API
            publish:
                npm:
                    token: $npm_token
            codeSamples:
                registry:
                    location: registry.speakeasyapi.dev/glean-el2/sdk/glean-api-specs-typescript-code-samples
                labelOverride:
                    fixedValue: Typescript (API Client)
                blocking: false
            testing:
                enabled: true
